
Microsoft Visual Studio Solution File, Format Version 12.00
# Visual Studio Version 17
VisualStudioVersion = 17.3.32819.101
MinimumVisualStudioVersion = 10.0.40219.1
Project("{9A19103F-16F7-4668-BE54-9A1E7A4F7556}") = "HealthyDrinkShop_DACNPM", "Project3\HealthyDrinkShop_DACNPM.csproj", "{08172312-9BA4-4ACA-A0BD-7F2401584757}"
EndProject
Global
	GlobalSection(SolutionConfigurationPlatforms) = preSolution
		Debug|Any CPU = Debug|Any CPU
		Release|Any CPU = Release|Any CPU
	EndGlobalSection
	GlobalSection(ProjectConfigurationPlatforms) = postSolution
		{08172312-9BA4-4ACA-A0BD-7F2401584757}.Debug|Any CPU.ActiveCfg = Debug|Any CPU
		{08172312-9BA4-4ACA-A0BD-7F2401584757}.Debug|Any CPU.Build.0 = Debug|Any CPU
		{08172312-9BA4-4ACA-A0BD-7F2401584757}.Release|Any CPU.ActiveCfg = Release|Any CPU
		{08172312-9BA4-4ACA-A0BD-7F2401584757}.Release|Any CPU.Build.0 = Release|Any CPU
	EndGlobalSection
	GlobalSection(SolutionProperties) = preSolution
		HideSolutionNode = FALSE
	EndGlobalSection
	GlobalSection(ExtensibilityGlobals) = postSolution
		SolutionGuid = {9A7A64F6-BA9D-4240-978D-6A17EA989FE8}
	EndGlobalSection
EndGlobal
